github.com/dilfish/tools/io v1.0.7 h1:dBs/sqm22E8b4C/SaDTp24Btw2OdlcopkRs5F5onG7w=
github.com/dilfish/tools/io v1.0.7/go.mod h1:DY/wVLP3HAcJLviTpV3OuhmG8ljfjKqtRrbrdalhMlI=
github.com/go-sql-driver/mysql v1.6.0 h1:BCTh4TKNUYmOmMUcQ3IipzF5prigylS7XXjEkfCHuOE=
github.com/go-sql-driver/mysql v1.6.0/go.mod h1:DCzpHaOWr8IXmIStZouvnhqoel9Qv2LBy8hT2VhHyBg=
